{
  "name": "coaster-asset-checks",
  "lockfileVersion": 3,
  "requires": true,
  "packages": {
    "": {
      "name": "coaster-asset-checks",
      "dependencies": {
        "gltf-validator": "2.0.0-dev.3.10",
        "three": "0.186.1"
      }
    },
    "node_modules/gltf-validator": {
      "version": "2.0.0-dev.3.10",
      "resolved": "https://registry.npmjs.org/gltf-validator/-/gltf-validator-2.0.0-dev.3.10.tgz",
      "integrity": "sha512-odJ4k0tRkGXiDGn78yDBg+fBbAIvBnXxh3RwAta0emSxGtyagFE8B4xELB1oYe3S5RD8Ci3uZAsZaascH2LAEQ=="
    },
    "node_modules/three": {
      "version": "0.186.1",
      "resolved": "https://registry.npmjs.org/three/-/three-0.186.1.tgz",
      "integrity": "sha512-blFeqb49wRCSGUGj7gtpfnSGHy2lwDk94RhUmS1c/hTby70kvChbWpkJ4Pm1390LqzzvTmzgXKHPEafJwCb8jA=="
    }
  }
}
